
Microsoft Visual Studio Solution File, Format Version 12.00
# Visual Studio Version 17
VisualStudioVersion = 17.5.002.0
MinimumVisualStudioVersion = 10.0.40219.1
Project("{9A19103F-16F7-4668-BE54-9A1E7A4F7556}") = "TravelInspirationApp", "TravelInspirationApp.csproj", "{758EF5CA-8939-48F1-B458-BE0225D96206}"
EndProject
Global
	GlobalSection(SolutionConfigurationPlatforms) = preSolution
		Debug|Any CPU = Debug|Any CPU
		Release|Any CPU = Release|Any CPU
	EndGlobalSection
	GlobalSection(ProjectConfigurationPlatforms) = postSolution
		{758EF5CA-8939-48F1-B458-BE0225D96206}.Debug|Any CPU.ActiveCfg = Debug|Any CPU
		{758EF5CA-8939-48F1-B458-BE0225D96206}.Debug|Any CPU.Build.0 = Debug|Any CPU
		{758EF5CA-8939-48F1-B458-BE0225D96206}.Release|Any CPU.ActiveCfg = Release|Any CPU
		{758EF5CA-8939-48F1-B458-BE0225D96206}.Release|Any CPU.Build.0 = Release|Any CPU
	EndGlobalSection
	GlobalSection(SolutionProperties) = preSolution
		HideSolutionNode = FALSE
	EndGlobalSection
	GlobalSection(ExtensibilityGlobals) = postSolution
		SolutionGuid = {DC344F00-3C6E-45D9-814D-14CCD1050BBE}
	EndGlobalSection
EndGlobal
